// !$*UTF8*$!
{
	archiveVersion = 1;
	classes = {
	};
	objectVersion = 55;
	objects = {

/* Begin PBXBuildFile section */
		FFA7A79128872702006DFD43 /* AppDelegate.swift in Sources */ = {isa = PBXBuildFile; fileRef = FFA7A79028872702006DFD43 /* AppDelegate.swift */; };
		FFA7A79328872702006DFD43 /* SceneDelegate.swift in Sources */ = {isa = PBXBuildFile; fileRef = FFA7A79228872702006DFD43 /* SceneDelegate.swift */; };
		FFA7A79528872702006DFD43 /* XOViewController.swift in Sources */ = {isa = PBXBuildFile; fileRef = FFA7A79428872702006DFD43 /* XOViewController.swift */; };
		FFA7A79828872702006DFD43 /* Main.storyboard in Resources */ = {isa = PBXBuildFile; fileRef = FFA7A79628872702006DFD43 /* Main.storyboard */; };
		FFA7A79A28872704006DFD43 /* Assets.xcassets in Resources */ = {isa = PBXBuildFile; fileRef = FFA7A79928872704006DFD43 /* Assets.xcassets */; };
		FFA7A79D28872704006DFD43 /* LaunchScreen.storyboard in Resources */ = {isa = PBXBuildFile; fileRef = FFA7A79B28872704006DFD43 /* LaunchScreen.storyboard */; };
		FFB6E156288B1D200092471B /* StartGameViewController.swift in Sources */ = {isa = PBXBuildFile; fileRef = FFB6E155288B1D200092471B /* StartGameViewController.swift */; };
		FFB6E158288B1E360092471B /* GameViewController.swift in Sources */ = {isa = PBXBuildFile; fileRef = FFB6E157288B1E360092471B /* GameViewController.swift */; };
		FFC8463828B4ECF800A69E28 /* GameRulesViewController.swift in Sources */ = {isa = PBXBuildFile; fileRef = FFC8463728B4ECF800A69E28 /* GameRulesViewController.swift */; };
/* End PBXBuildFile section */

/* Begin PBXFileReference section */
		FFA7A78D28872702006DFD43 /* krestikinoliki.app */ = {isa = PBXFileReference; explicitFileType = wrapper.application; includeInIndex = 0; path = krestikinoliki.app; sourceTree = BUILT_PRODUCTS_DIR; };
		FFA7A79028872702006DFD43 /* AppDelegate.swift */ = {isa = PBXFileReference; lastKnownFileType = sourcecode.swift; path = AppDelegate.swift; sourceTree = "<group>"; };
		FFA7A79228872702006DFD43 /* SceneDelegate.swift */ = {isa = PBXFileReference; lastKnownFileType = sourcecode.swift; path = SceneDelegate.swift; sourceTree = "<group>"; };
		FFA7A79428872702006DFD43 /* XOViewController.swift */ = {isa = PBXFileReference; lastKnownFileType = sourcecode.swift; path = XOViewController.swift; sourceTree = "<group>"; };
		FFA7A79728872702006DFD43 /* Base */ = {isa = PBXFileReference; lastKnownFileType = file.storyboard; name = Base; path = Base.lproj/Main.storyboard; sourceTree = "<group>"; };
		FFA7A79928872704006DFD43 /* Assets.xcassets */ = {isa = PBXFileReference; lastKnownFileType = folder.assetcatalog; path = Assets.xcassets; sourceTree = "<group>"; };
		FFA7A79C28872704006DFD43 /* Base */ = {isa = PBXFileReference; lastKnownFileType = file.storyboard; name = Base; path = Base.lproj/LaunchScreen.storyboard; sourceTree = "<group>"; };
		FFA7A79E28872704006DFD43 /* Info.plist */ = {isa = PBXFileReference; lastKnownFileType = text.plist.xml; path = Info.plist; sourceTree = "<group>"; };
		FFB6E155288B1D200092471B /* StartGameViewController.swift */ = {isa = PBXFileReference; lastKnownFileType = sourcecode.swift; path = StartGameViewController.swift; sourceTree = "<group>"; };
		FFB6E157288B1E360092471B /* GameViewController.swift */ = {isa = PBXFileReference; lastKnownFileType = sourcecode.swift; path = GameViewController.swift; sourceTree = "<group>"; };
		FFC8463728B4ECF800A69E28 /* GameRulesViewController.swift */ = {isa = PBXFileReference; lastKnownFileType = sourcecode.swift; path = GameRulesViewController.swift; sourceTree = "<group>"; };
/* End PBXFileReference section */

/* Begin PBXFrameworksBuildPhase section */
		FFA7A78A28872702006DFD43 /* Frameworks */ = {
			isa = PBXFrameworksBuildPhase;
			buildActionMask = 2147483647;
			files = (
			);
			runOnlyForDeploymentPostprocessing = 0;
		};
/* End PBXFrameworksBuildPhase section */

/* Begin PBXGroup section */
		FFA7A78428872702006DFD43 = {
			isa = PBXGroup;
			children = (
				FFA7A78F28872702006DFD43 /* krestikinoliki */,
				FFA7A78E28872702006DFD43 /* Products */,
			);
			sourceTree = "<group>";
		};
		FFA7A78E28872702006DFD43 /* Products */ = {
			isa = PBXGroup;
			children = (
				FFA7A78D28872702006DFD43 /* krestikinoliki.app */,
			);
			name = Products;
			sourceTree = "<group>";
		};
		FFA7A78F28872702006DFD43 /* krestikinoliki */ = {
			isa = PBXGroup;
			children = (
				FFB6E154288B1CA80092471B /* ViewControllers */,
				FFA7A79028872702006DFD43 /* AppDelegate.swift */,
				FFA7A79228872702006DFD43 /* SceneDelegate.swift */,
				FFA7A79428872702006DFD43 /* XOViewController.swift */,
				FFA7A79628872702006DFD43 /* Main.storyboard */,
				FFA7A79928872704006DFD43 /* Assets.xcassets */,
				FFA7A79B28872704006DFD43 /* LaunchScreen.storyboard */,
				FFA7A79E28872704006DFD43 /* Info.plist */,
			);
			path = krestikinoliki;
			sourceTree = "<group>";
		};
		FFB6E154288B1CA80092471B /* ViewControllers */ = {
			isa = PBXGroup;
			children = (
				FFB6E155288B1D200092471B /* StartGameViewController.swift */,
				FFB6E157288B1E360092471B /* GameViewController.swift */,
				FFC8463728B4ECF800A69E28 /* GameRulesViewController.swift */,
			);
			path = ViewControllers;
			sourceTree = "<group>";
		};
/* End PBXGroup section */

/* Begin PBXNativeTarget section */
		FFA7A78C28872702006DFD43 /* krestikinoliki */ = {
			isa = PBXNativeTarget;
			buildConfigurationList = FFA7A7A128872704006DFD43 /* Build configuration list for PBXNativeTarget "krestikinoliki" */;
			buildPhases = (
				FFA7A78928872702006DFD43 /* Sources */,
				FFA7A78A28872702006DFD43 /* Frameworks */,
				FFA7A78B28872702006DFD43 /* Resources */,
			);
			buildRules = (
			);
			dependencies = (
			);
			name = krestikinoliki;
			productName = krestikinoliki;
			productReference = FFA7A78D28872702006DFD43 /* krestikinoliki.app */;
			productType = "com.apple.product-type.application";
		};
/* End PBXNativeTarget section */

/* Begin PBXProject section */
		FFA7A78528872702006DFD43 /* Project object */ = {
			isa = PBXProject;
			attributes = {
				BuildIndependentTargetsInParallel = 1;
				LastSwiftUpdateCheck = 1340;
				LastUpgradeCheck = 1340;
				TargetAttributes = {
					FFA7A78C28872702006DFD43 = {
						CreatedOnToolsVersion = 13.4.1;
					};
				};
			};
			buildConfigurationList = FFA7A78828872702006DFD43 /* Build configuration list for PBXProject "krestikinoliki" */;
			compatibilityVersion = "Xcode 13.0";
			developmentRegion = en;
			hasScannedForEncodings = 0;
			knownRegions = (
				en,
				Base,
			);
			mainGroup = FFA7A78428872702006DFD43;
			productRefGroup = FFA7A78E28872702006DFD43 /* Products */;
			projectDirPath = "";
			projectRoot = "";
			targets = (
				FFA7A78C28872702006DFD43 /* krestikinoliki */,
			);
		};
/* End PBXProject section */

/* Begin PBXResourcesBuildPhase section */
		FFA7A78B28872702006DFD43 /* Resources */ = {
			isa = PBXResourcesBuildPhase;
			buildActionMask = 2147483647;
			files = (
				FFA7A79D28872704006DFD43 /* LaunchScreen.storyboard in Resources */,
				FFA7A79A28872704006DFD43 /* Assets.xcassets in Resources */,
				FFA7A79828872702006DFD43 /* Main.storyboard in Resources */,
			);
			runOnlyForDeploymentPostprocessing = 0;
		};
/* End PBXResourcesBuildPhase section */

/* Begin PBXSourcesBuildPhase section */
		FFA7A78928872702006DFD43 /* Sources */ = {
			isa = PBXSourcesBuildPhase;
			buildActionMask = 2147483647;
			files = (
				FFC8463828B4ECF800A69E28 /* GameRulesViewController.swift in Sources */,
				FFB6E158288B1E360092471B /* GameViewController.swift in Sources */,
				FFA7A79528872702006DFD43 /* XOViewController.swift in Sources */,
				FFA7A79128872702006DFD43 /* AppDelegate.swift in Sources */,
				FFA7A79328872702006DFD43 /* SceneDelegate.swift in Sources */,
				FFB6E156288B1D200092471B /* StartGameViewController.swift in Sources */,
			);
			runOnlyForDeploymentPostprocessing = 0;
		};
/* End PBXSourcesBuildPhase section */

/* Begin PBXVariantGroup section */
		FFA7A79628872702006DFD43 /* Main.storyboard */ = {
			isa = PBXVariantGroup;
			children = (
				FFA7A79728872702006DFD43 /* Base */,
			);
			name = Main.storyboard;
			sourceTree = "<group>";
		};
		FFA7A79B28872704006DFD43 /* LaunchScreen.storyboard */ = {
			isa = PBXVariantGroup;
			children = (
				FFA7A79C28872704006DFD43 /* Base */,
			);
			name = LaunchScreen.storyboard;
			sourceTree = "<group>";
		};
/* End PBXVariantGroup section */

/* Begin XCBuildConfiguration section */
		FFA7A79F28872704006DFD43 /* Debug */ = {
			isa = XCBuildConfiguration;
			buildSettings = {
				ALWAYS_SEARCH_USER_PATHS = NO;
				CLANG_ANALYZER_LOCALIZABILITY_NONLOCALIZED = YES;
				CLANG_ANALYZER_NONNULL = YES;
				CLANG_ANALYZER_NUMBER_OBJECT_CONVERSION = YES_AGGRESSIVE;
				CLANG_CXX_LANGUAGE_STANDARD = "gnu++17";
				CLANG_ENABLE_MODULES = YES;
				CLANG_ENABLE_OBJC_ARC = YES;
				CLANG_ENABLE_OBJC_WEAK = YES;
				CLANG_WARN_BLOCK_CAPTURE_AUTORELEASING = YES;
				CLANG_WARN_BOOL_CONVERSION = YES;
				CLANG_WARN_COMMA = YES;
				CLANG_WARN_CONSTANT_CONVERSION = YES;
				CLANG_WARN_DEPRECATED_OBJC_IMPLEMENTATIONS = YES;
				CLANG_WARN_DIRECT_OBJC_ISA_USAGE = YES_ERROR;
				CLANG_WARN_DOCUMENTATION_COMMENTS = YES;
				CLANG_WARN_EMPTY_BODY = YES;
				CLANG_WARN_ENUM_CONVERSION = YES;
				CLANG_WARN_INFINITE_RECURSION = YES;
				CLANG_WARN_INT_CONVERSION = YES;
				CLANG_WARN_NON_LITERAL_NULL_CONVERSION = YES;
				CLANG_WARN_OBJC_IMPLICIT_RETAIN_SELF = YES;
				CLANG_WARN_OBJC_LITERAL_CONVERSION = YES;
				CLANG_WARN_OBJC_ROOT_CLASS = YES_ERROR;
				CLANG_WARN_QUOTED_INCLUDE_IN_FRAMEWORK_HEADER = YES;
				CLANG_WARN_RANGE_LOOP_ANALYSIS = YES;
				CLANG_WARN_STRICT_PROTOTYPES = YES;
				CLANG_WARN_SUSPICIOUS_MOVE = YES;
				CLANG_WARN_UNGUARDED_AVAILABILITY = YES_AGGRESSIVE;
				CLANG_WARN_UNREACHABLE_CODE = YES;
				CLANG_WARN__DUPLICATE_METHOD_MATCH = YES;
				COPY_PHASE_STRIP = NO;
				DEBUG_INFORMATION_FORMAT = dwarf;
				ENABLE_STRICT_OBJC_MSGSEND = YES;
				ENABLE_TESTABILITY = YES;
				GCC_C_LANGUAGE_STANDARD = gnu11;
				GCC_DYNAMIC_NO_PIC = NO;
				GCC_NO_COMMON_BLOCKS = YES;
				GCC_OPTIMIZATION_LEVEL = 0;
				GCC_PREPROCESSOR_DEFINITIONS = (
					"DEBUG=1",
					"$(inherited)",
				);
				GCC_WARN_64_TO_32_BIT_CONVERSION = YES;
				GCC_WARN_ABOUT_RETURN_TYPE = YES_ERROR;
				GCC_WARN_UNDECLARED_SELECTOR = YES;
				GCC_WARN_UNINITIALIZED_AUTOS = YES_AGGRESSIVE;
				GCC_WARN_UNUSED_FUNCTION = YES;
				GCC_WARN_UNUSED_VARIABLE = YES;
				IPHONEOS_DEPLOYMENT_TARGET = 15.5;
				MTL_ENABLE_DEBUG_INFO = INCLUDE_SOURCE;
				MTL_FAST_MATH = YES;
				ONLY_ACTIVE_ARCH = YES;
				SDKROOT = iphoneos;
				SWIFT_ACTIVE_COMPILATION_CONDITIONS = DEBUG;
				SWIFT_OPTIMIZATION_LEVEL = "-Onone";
			};
			name = Debug;
		};
		FFA7A7A028872704006DFD43 /* Release */ = {
			isa = XCBuildConfiguration;
			buildSettings = {
				ALWAYS_SEARCH_USER_PATHS = NO;
				CLANG_ANALYZER_LOCALIZABILITY_NONLOCALIZED = YES;
				CLANG_ANALYZER_NONNULL = YES;
				CLANG_ANALYZER_NUMBER_OBJECT_CONVERSION = YES_AGGRESSIVE;
				CLANG_CXX_LANGUAGE_STANDARD = "gnu++17";
				CLANG_ENABLE_MODULES = YES;
				CLANG_ENABLE_OBJC_ARC = YES;
				CLANG_ENABLE_OBJC_WEAK = YES;
				CLANG_WARN_BLOCK_CAPTURE_AUTORELEASING = YES;
				CLANG_WARN_BOOL_CONVERSION = YES;
				CLANG_WARN_COMMA = YES;
				CLANG_WARN_CONSTANT_CONVERSION = YES;
				CLANG_WARN_DEPRECATED_OBJC_IMPLEMENTATIONS = YES;
				CLANG_WARN_DIRECT_OBJC_ISA_USAGE = YES_ERROR;
				CLANG_WARN_DOCUMENTATION_COMMENTS = YES;
				CLANG_WARN_EMPTY_BODY = YES;
				CLANG_WARN_ENUM_CONVERSION = YES;
				CLANG_WARN_INFINITE_RECURSION = YES;
				CLANG_WARN_INT_CONVERSION = YES;
				CLANG_WARN_NON_LITERAL_NULL_CONVERSION = YES;
				CLANG_WARN_OBJC_IMPLICIT_RETAIN_SELF = YES;
				CLANG_WARN_OBJC_LITERAL_CONVERSION = YES;
				CLANG_WARN_OBJC_ROOT_CLASS = YES_ERROR;
				CLANG_WARN_QUOTED_INCLUDE_IN_FRAMEWORK_HEADER = YES;
				CLANG_WARN_RANGE_LOOP_ANALYSIS = YES;
				CLANG_WARN_STRICT_PROTOTYPES = YES;
				CLANG_WARN_SUSPICIOUS_MOVE = YES;
				CLANG_WARN_UNGUARDED_AVAILABILITY = YES_AGGRESSIVE;
				CLANG_WARN_UNREACHABLE_CODE = YES;
				CLANG_WARN__DUPLICATE_METHOD_MATCH = YES;
				COPY_PHASE_STRIP = NO;
				DEBUG_INFORMATION_FORMAT = "dwarf-with-dsym";
				ENABLE_NS_ASSERTIONS = NO;
				ENABLE_STRICT_OBJC_MSGSEND = YES;
				GCC_C_LANGUAGE_STANDARD = gnu11;
				GCC_NO_COMMON_BLOCKS = YES;
				GCC_WARN_64_TO_32_BIT_CONVERSION = YES;
				GCC_WARN_ABOUT_RETURN_TYPE = YES_ERROR;
				GCC_WARN_UNDECLARED_SELECTOR = YES;
				GCC_WARN_UNINITIALIZED_AUTOS = YES_AGGRESSIVE;
				GCC_WARN_UNUSED_FUNCTION = YES;
				GCC_WARN_UNUSED_VARIABLE = YES;
				IPHONEOS_DEPLOYMENT_TARGET = 15.5;
				MTL_ENABLE_DEBUG_INFO = NO;
				MTL_FAST_MATH = YES;
				SDKROOT = iphoneos;
				SWIFT_COMPILATION_MODE = wholemodule;
				SWIFT_OPTIMIZATION_LEVEL = "-O";
				VALIDATE_PRODUCT = YES;
			};
			name = Release;
		};
		FFA7A7A228872704006DFD43 /* Debug */ = {
			isa = XCBuildConfiguration;
			buildSettings = {
				ASSETCATALOG_COMPILER_APPICON_NAME = AppIcon;
				ASSETCATALOG_COMPILER_GLOBAL_ACCENT_COLOR_NAME = AccentColor;
				CODE_SIGN_STYLE = Automatic;
				CURRENT_PROJECT_VERSION = 1;
				DEVELOPMENT_TEAM = 728DJ7XL9L;
				GENERATE_INFOPLIST_FILE = YES;
				INFOPLIST_FILE = krestikinoliki/Info.plist;
				INFOPLIST_KEY_CFBundleDisplayName = "X.O Game";
				INFOPLIST_KEY_UIApplicationSupportsIndirectInputEvents = YES;
				INFOPLIST_KEY_UILaunchStoryboardName = LaunchScreen;
				INFOPLIST_KEY_UIMainStoryboardFile = Main;
				INFOPLIST_KEY_UISupportedInterfaceOrientations = UIInterfaceOrientationPortrait;
				INFOPLIST_KEY_UISupportedInterfaceOrientations_iPad = "UIInterfaceOrientationPortrait UIInterfaceOrientationPortraitUpsideDown UIInterfaceOrientationLandscapeLeft UIInterfaceOrientationLandscapeRight";
				INFOPLIST_KEY_UISupportedInterfaceOrientations_iPhone = "UIInterfaceOrientationPortrait UIInterfaceOrientationLandscapeLeft UIInterfaceOrientationLandscapeRight";
				IPHONEOS_DEPLOYMENT_TARGET = 15.5;
				LD_RUNPATH_SEARCH_PATHS = (
					"$(inherited)",
					"@executable_path/Frameworks",
				);
				MARKETING_VERSION = 1.0;
				PRODUCT_BUNDLE_IDENTIFIER = com.test.krestikinoliki;
				PRODUCT_NAME = "$(TARGET_NAME)";
				SWIFT_EMIT_LOC_STRINGS = YES;
				SWIFT_VERSION = 5.0;
				TARGETED_DEVICE_FAMILY = 1;
			};
			name = Debug;
		};
		FFA7A7A328872704006DFD43 /* Release */ = {
			isa = XCBuildConfiguration;
			buildSettings = {
				ASSETCATALOG_COMPILER_APPICON_NAME = AppIcon;
				ASSETCATALOG_COMPILER_GLOBAL_ACCENT_COLOR_NAME = AccentColor;
				CODE_SIGN_STYLE = Automatic;
				CURRENT_PROJECT_VERSION = 1;
				DEVELOPMENT_TEAM = 728DJ7XL9L;
				GENERATE_INFOPLIST_FILE = YES;
				INFOPLIST_FILE = krestikinoliki/Info.plist;
				INFOPLIST_KEY_CFBundleDisplayName = "X.O Game";
				INFOPLIST_KEY_UIApplicationSupportsIndirectInputEvents = YES;
				INFOPLIST_KEY_UILaunchStoryboardName = LaunchScreen;
				INFOPLIST_KEY_UIMainStoryboardFile = Main;
				INFOPLIST_KEY_UISupportedInterfaceOrientations = UIInterfaceOrientationPortrait;
				INFOPLIST_KEY_UISupportedInterfaceOrientations_iPad = "UIInterfaceOrientationPortrait UIInterfaceOrientationPortraitUpsideDown UIInterfaceOrientationLandscapeLeft UIInterfaceOrientationLandscapeRight";
				INFOPLIST_KEY_UISupportedInterfaceOrientations_iPhone = "UIInterfaceOrientationPortrait UIInterfaceOrientationLandscapeLeft UIInterfaceOrientationLandscapeRight";
				IPHONEOS_DEPLOYMENT_TARGET = 15.5;
				LD_RUNPATH_SEARCH_PATHS = (
					"$(inherited)",
					"@executable_path/Frameworks",
				);
				MARKETING_VERSION = 1.0;
				PRODUCT_BUNDLE_IDENTIFIER = com.test.krestikinoliki;
				PRODUCT_NAME = "$(TARGET_NAME)";
				SWIFT_EMIT_LOC_STRINGS = YES;
				SWIFT_VERSION = 5.0;
				TARGETED_DEVICE_FAMILY = 1;
			};
			name = Release;
		};
/* End XCBuildConfiguration section */

/* Begin XCConfigurationList section */
		FFA7A78828872702006DFD43 /* Build configuration list for PBXProject "krestikinoliki" */ = {
			isa = XCConfigurationList;
			buildConfigurations = (
				FFA7A79F28872704006DFD43 /* Debug */,
				FFA7A7A028872704006DFD43 /* Release */,
			);
			defaultConfigurationIsVisible = 0;
			defaultConfigurationName = Release;
		};
		FFA7A7A128872704006DFD43 /* Build configuration list for PBXNativeTarget "krestikinoliki" */ = {
			isa = XCConfigurationList;
			buildConfigurations = (
				FFA7A7A228872704006DFD43 /* Debug */,
				FFA7A7A328872704006DFD43 /* Release */,
			);
			defaultConfigurationIsVisible = 0;
			defaultConfigurationName = Release;
		};
/* End XCConfigurationList section */
	};
	rootObject = FFA7A78528872702006DFD43 /* Project object */;
}
